
Microsoft Visual Studio Solution File, Format Version 12.00
# Visual Studio Version 16
VisualStudioVersion = 16.0.31025.194
MinimumVisualStudioVersion = 10.0.40219.1
Project("{2150E333-8FDC-42A3-9474-1A3956D46DE8}") = "1 - Presentation", "1 - Presentation", "{28AC7847-B98A-440F-93F9-54A9C70F59BE}"
EndProject
Project("{9A19103F-16F7-4668-BE54-9A1E7A4F7556}") = "UiSite", "src\UiSite\UiSite.csproj", "{D847729D-1875-4E93-AD99-429534D581CD}"
EndProject
Project("{9A19103F-16F7-4668-BE54-9A1E7A4F7556}") = "WebApi", "src\WebApi\WebApi.csproj", "{A3B1FB28-1662-4545-88C8-8AE156F92DDA}"
EndProject
Global
	GlobalSection(SolutionConfigurationPlatforms) = preSolution
		Debug|Any CPU = Debug|Any CPU
		Release|Any CPU = Release|Any CPU
	EndGlobalSection
	GlobalSection(ProjectConfigurationPlatforms) = postSolution
		{D847729D-1875-4E93-AD99-429534D581CD}.Debug|Any CPU.ActiveCfg = Debug|Any CPU
		{D847729D-1875-4E93-AD99-429534D581CD}.Debug|Any CPU.Build.0 = Debug|Any CPU
		{D847729D-1875-4E93-AD99-429534D581CD}.Release|Any CPU.ActiveCfg = Release|Any CPU
		{D847729D-1875-4E93-AD99-429534D581CD}.Release|Any CPU.Build.0 = Release|Any CPU
		{A3B1FB28-1662-4545-88C8-8AE156F92DDA}.Debug|Any CPU.ActiveCfg = Debug|Any CPU
		{A3B1FB28-1662-4545-88C8-8AE156F92DDA}.Debug|Any CPU.Build.0 = Debug|Any CPU
		{A3B1FB28-1662-4545-88C8-8AE156F92DDA}.Release|Any CPU.ActiveCfg = Release|Any CPU
		{A3B1FB28-1662-4545-88C8-8AE156F92DDA}.Release|Any CPU.Build.0 = Release|Any CPU
	EndGlobalSection
	GlobalSection(SolutionProperties) = preSolution
		HideSolutionNode = FALSE
	EndGlobalSection
	GlobalSection(NestedProjects) = preSolution
		{D847729D-1875-4E93-AD99-429534D581CD} = {28AC7847-B98A-440F-93F9-54A9C70F59BE}
		{A3B1FB28-1662-4545-88C8-8AE156F92DDA} = {28AC7847-B98A-440F-93F9-54A9C70F59BE}
	EndGlobalSection
	GlobalSection(ExtensibilityGlobals) = postSolution
		SolutionGuid = {43CF9FEC-618D-4E24-99DB-DEF156A01888}
	EndGlobalSection
EndGlobal
